// !$*UTF8*$!
{
	archiveVersion = 1;
	classes = {
	};
	objectVersion = 50;
	objects = {

/* Begin PBXBuildFile section */
		1116DCDD2617C3DA00DBA57F /* MemorizeApp.swift in Sources */ = {isa = PBXBuildFile; fileRef = 1116DCDC2617C3DA00DBA57F /* MemorizeApp.swift */; };
		1116DCDF2617C3DA00DBA57F /* EmojiMemoryGameView.swift in Sources */ = {isa = PBXBuildFile; fileRef = 1116DCDE2617C3DA00DBA57F /* EmojiMemoryGameView.swift */; };
		1116DCE12617C3E400DBA57F /* Assets.xcassets in Resources */ = {isa = PBXBuildFile; fileRef = 1116DCE02617C3E400DBA57F /* Assets.xcassets */; };
		1116DCE42617C3E400DBA57F /* Preview Assets.xcassets in Resources */ = {isa = PBXBuildFile; fileRef = 1116DCE32617C3E400DBA57F /* Preview Assets.xcassets */; };
		113AF50A2618B6AA00BDB89A /* GridLayout.swift in Sources */ = {isa = PBXBuildFile; fileRef = 113AF5092618B6AA00BDB89A /* GridLayout.swift */; };
		113AF50D2618B6F300BDB89A /* Grid.swift in Sources */ = {isa = PBXBuildFile; fileRef = 113AF50C2618B6F300BDB89A /* Grid.swift */; };
		113AF5102618B8A100BDB89A /* Array+Identifiable.swift in Sources */ = {isa = PBXBuildFile; fileRef = 113AF50F2618B8A100BDB89A /* Array+Identifiable.swift */; };
		113AF5132618BB1600BDB89A /* Array+Only.swift in Sources */ = {isa = PBXBuildFile; fileRef = 113AF5122618BB1600BDB89A /* Array+Only.swift */; };
		11CF46082617D1C400359A3C /* MemoryGame.swift in Sources */ = {isa = PBXBuildFile; fileRef = 11CF46072617D1C400359A3C /* MemoryGame.swift */; };
		11CF460B2617D29600359A3C /* EmojiMemoryGame.swift in Sources */ = {isa = PBXBuildFile; fileRef = 11CF460A2617D29600359A3C /* EmojiMemoryGame.swift */; };
/* End PBXBuildFile section */

/* Begin PBXFileReference section */
		1116DCD92617C3DA00DBA57F /* Memorize.app */ = {isa = PBXFileReference; explicitFileType = wrapper.application; includeInIndex = 0; path = Memorize.app; sourceTree = BUILT_PRODUCTS_DIR; };
		1116DCDC2617C3DA00DBA57F /* MemorizeApp.swift */ = {isa = PBXFileReference; lastKnownFileType = sourcecode.swift; path = MemorizeApp.swift; sourceTree = "<group>"; };
		1116DCDE2617C3DA00DBA57F /* EmojiMemoryGameView.swift */ = {isa = PBXFileReference; lastKnownFileType = sourcecode.swift; path = EmojiMemoryGameView.swift; sourceTree = "<group>"; };
		1116DCE02617C3E400DBA57F /* Assets.xcassets */ = {isa = PBXFileReference; lastKnownFileType = folder.assetcatalog; path = Assets.xcassets; sourceTree = "<group>"; };
		1116DCE32617C3E400DBA57F /* Preview Assets.xcassets */ = {isa = PBXFileReference; lastKnownFileType = folder.assetcatalog; path = "Preview Assets.xcassets"; sourceTree = "<group>"; };
		1116DCE52617C3E400DBA57F /* Info.plist */ = {isa = PBXFileReference; lastKnownFileType = text.plist.xml; path = Info.plist; sourceTree = "<group>"; };
		113AF5092618B6AA00BDB89A /* GridLayout.swift */ = {isa = PBXFileReference; fileEncoding = 4; lastKnownFileType = sourcecode.swift; path = GridLayout.swift; sourceTree = "<group>"; };
		113AF50C2618B6F300BDB89A /* Grid.swift */ = {isa = PBXFileReference; lastKnownFileType = sourcecode.swift; path = Grid.swift; sourceTree = "<group>"; };
		113AF50F2618B8A100BDB89A /* Array+Identifiable.swift */ = {isa = PBXFileReference; lastKnownFileType = sourcecode.swift; path = "Array+Identifiable.swift"; sourceTree = "<group>"; };
		113AF5122618BB1600BDB89A /* Array+Only.swift */ = {isa = PBXFileReference; lastKnownFileType = sourcecode.swift; path = "Array+Only.swift"; sourceTree = "<group>"; };
		11CF46072617D1C400359A3C /* MemoryGame.swift */ = {isa = PBXFileReference; lastKnownFileType = sourcecode.swift; path = MemoryGame.swift; sourceTree = "<group>"; };
		11CF460A2617D29600359A3C /* EmojiMemoryGame.swift */ = {isa = PBXFileReference; lastKnownFileType = sourcecode.swift; path = EmojiMemoryGame.swift; sourceTree = "<group>"; };
/* End PBXFileReference section */

/* Begin PBXFrameworksBuildPhase section */
		1116DCD62617C3DA00DBA57F /* Frameworks */ = {
			isa = PBXFrameworksBuildPhase;
			buildActionMask = 2147483647;
			files = (
			);
			runOnlyForDeploymentPostprocessing = 0;
		};
/* End PBXFrameworksBuildPhase section */

/* Begin PBXGroup section */
		1116DCD02617C3D900DBA57F = {
			isa = PBXGroup;
			children = (
				1116DCDB2617C3DA00DBA57F /* Memorize */,
				1116DCDA2617C3DA00DBA57F /* Products */,
			);
			sourceTree = "<group>";
		};
		1116DCDA2617C3DA00DBA57F /* Products */ = {
			isa = PBXGroup;
			children = (
				1116DCD92617C3DA00DBA57F /* Memorize.app */,
			);
			name = Products;
			sourceTree = "<group>";
		};
		1116DCDB2617C3DA00DBA57F /* Memorize */ = {
			isa = PBXGroup;
			children = (
				113AF50F2618B8A100BDB89A /* Array+Identifiable.swift */,
				113AF5122618BB1600BDB89A /* Array+Only.swift */,
				1116DCE02617C3E400DBA57F /* Assets.xcassets */,
				11CF460A2617D29600359A3C /* EmojiMemoryGame.swift */,
				1116DCDE2617C3DA00DBA57F /* EmojiMemoryGameView.swift */,
				11CF46072617D1C400359A3C /* MemoryGame.swift */,
				113AF50C2618B6F300BDB89A /* Grid.swift */,
				113AF5092618B6AA00BDB89A /* GridLayout.swift */,
				1116DCE52617C3E400DBA57F /* Info.plist */,
				1116DCDC2617C3DA00DBA57F /* MemorizeApp.swift */,
				1116DCE22617C3E400DBA57F /* Preview Content */,
			);
			path = Memorize;
			sourceTree = "<group>";
		};
		1116DCE22617C3E400DBA57F /* Preview Content */ = {
			isa = PBXGroup;
			children = (
				1116DCE32617C3E400DBA57F /* Preview Assets.xcassets */,
			);
			path = "Preview Content";
			sourceTree = "<group>";
		};
/* End PBXGroup section */

/* Begin PBXNativeTarget section */
		1116DCD82617C3DA00DBA57F /* Memorize */ = {
			isa = PBXNativeTarget;
			buildConfigurationList = 1116DCE82617C3E400DBA57F /* Build configuration list for PBXNativeTarget "Memorize" */;
			buildPhases = (
				1116DCD52617C3DA00DBA57F /* Sources */,
				1116DCD62617C3DA00DBA57F /* Frameworks */,
				1116DCD72617C3DA00DBA57F /* Resources */,
			);
			buildRules = (
			);
			dependencies = (
			);
			name = Memorize;
			productName = Memorize;
			productReference = 1116DCD92617C3DA00DBA57F /* Memorize.app */;
			productType = "com.apple.product-type.application";
		};
/* End PBXNativeTarget section */

/* Begin PBXProject section */
		1116DCD12617C3D900DBA57F /* Project object */ = {
			isa = PBXProject;
			attributes = {
				LastSwiftUpdateCheck = 1230;
				LastUpgradeCheck = 1230;
				TargetAttributes = {
					1116DCD82617C3DA00DBA57F = {
						CreatedOnToolsVersion = 12.3;
					};
				};
			};
			buildConfigurationList = 1116DCD42617C3DA00DBA57F /* Build configuration list for PBXProject "Memorize" */;
			compatibilityVersion = "Xcode 9.3";
			developmentRegion = en;
			hasScannedForEncodings = 0;
			knownRegions = (
				en,
				Base,
			);
			mainGroup = 1116DCD02617C3D900DBA57F;
			productRefGroup = 1116DCDA2617C3DA00DBA57F /* Products */;
			projectDirPath = "";
			projectRoot = "";
			targets = (
				1116DCD82617C3DA00DBA57F /* Memorize */,
			);
		};
/* End PBXProject section */

/* Begin PBXResourcesBuildPhase section */
		1116DCD72617C3DA00DBA57F /* Resources */ = {
			isa = PBXResourcesBuildPhase;
			buildActionMask = 2147483647;
			files = (
				1116DCE42617C3E400DBA57F /* Preview Assets.xcassets in Resources */,
				1116DCE12617C3E400DBA57F /* Assets.xcassets in Resources */,
			);
			runOnlyForDeploymentPostprocessing = 0;
		};
/* End PBXResourcesBuildPhase section */

/* Begin PBXSourcesBuildPhase section */
		1116DCD52617C3DA00DBA57F /* Sources */ = {
			isa = PBXSourcesBuildPhase;
			buildActionMask = 2147483647;
			files = (
				11CF46082617D1C400359A3C /* MemoryGame.swift in Sources */,
				1116DCDF2617C3DA00DBA57F /* EmojiMemoryGameView.swift in Sources */,
				113AF50A2618B6AA00BDB89A /* GridLayout.swift in Sources */,
				1116DCDD2617C3DA00DBA57F /* MemorizeApp.swift in Sources */,
				11CF460B2617D29600359A3C /* EmojiMemoryGame.swift in Sources */,
				113AF5102618B8A100BDB89A /* Array+Identifiable.swift in Sources */,
				113AF50D2618B6F300BDB89A /* Grid.swift in Sources */,
				113AF5132618BB1600BDB89A /* Array+Only.swift in Sources */,
			);
			runOnlyForDeploymentPostprocessing = 0;
		};
/* End PBXSourcesBuildPhase section */

/* Begin XCBuildConfiguration section */
		1116DCE62617C3E400DBA57F /* Debug */ = {
			isa = XCBuildConfiguration;
			buildSettings = {
				ALWAYS_SEARCH_USER_PATHS = NO;
				CLANG_ANALYZER_NONNULL = YES;
				CLANG_ANALYZER_NUMBER_OBJECT_CONVERSION = YES_AGGRESSIVE;
				CLANG_CXX_LANGUAGE_STANDARD = "gnu++14";
				CLANG_CXX_LIBRARY = "libc++";
				CLANG_ENABLE_MODULES = YES;
				CLANG_ENABLE_OBJC_ARC = YES;
				CLANG_ENABLE_OBJC_WEAK = YES;
				CLANG_WARN_BLOCK_CAPTURE_AUTORELEASING = YES;
				CLANG_WARN_BOOL_CONVERSION = YES;
				CLANG_WARN_COMMA = YES;
				CLANG_WARN_CONSTANT_CONVERSION = YES;
				CLANG_WARN_DEPRECATED_OBJC_IMPLEMENTATIONS = YES;
				CLANG_WARN_DIRECT_OBJC_ISA_USAGE = YES_ERROR;
				CLANG_WARN_DOCUMENTATION_COMMENTS = YES;
				CLANG_WARN_EMPTY_BODY = YES;
				CLANG_WARN_ENUM_CONVERSION = YES;
				CLANG_WARN_INFINITE_RECURSION = YES;
				CLANG_WARN_INT_CONVERSION = YES;
				CLANG_WARN_NON_LITERAL_NULL_CONVERSION = YES;
				CLANG_WARN_OBJC_IMPLICIT_RETAIN_SELF = YES;
				CLANG_WARN_OBJC_LITERAL_CONVERSION = YES;
				CLANG_WARN_OBJC_ROOT_CLASS = YES_ERROR;
				CLANG_WARN_QUOTED_INCLUDE_IN_FRAMEWORK_HEADER = YES;
				CLANG_WARN_RANGE_LOOP_ANALYSIS = YES;
				CLANG_WARN_STRICT_PROTOTYPES = YES;
				CLANG_WARN_SUSPICIOUS_MOVE = YES;
				CLANG_WARN_UNGUARDED_AVAILABILITY = YES_AGGRESSIVE;
				CLANG_WARN_UNREACHABLE_CODE = YES;
				CLANG_WARN__DUPLICATE_METHOD_MATCH = YES;
				COPY_PHASE_STRIP = NO;
				DEBUG_INFORMATION_FORMAT = dwarf;
				ENABLE_STRICT_OBJC_MSGSEND = YES;
				ENABLE_TESTABILITY = YES;
				GCC_C_LANGUAGE_STANDARD = gnu11;
				GCC_DYNAMIC_NO_PIC = NO;
				GCC_NO_COMMON_BLOCKS = YES;
				GCC_OPTIMIZATION_LEVEL = 0;
				GCC_PREPROCESSOR_DEFINITIONS = (
					"DEBUG=1",
					"$(inherited)",
				);
				GCC_WARN_64_TO_32_BIT_CONVERSION = YES;
				GCC_WARN_ABOUT_RETURN_TYPE = YES_ERROR;
				GCC_WARN_UNDECLARED_SELECTOR = YES;
				GCC_WARN_UNINITIALIZED_AUTOS = YES_AGGRESSIVE;
				GCC_WARN_UNUSED_FUNCTION = YES;
				GCC_WARN_UNUSED_VARIABLE = YES;
				IPHONEOS_DEPLOYMENT_TARGET = 14.3;
				MTL_ENABLE_DEBUG_INFO = INCLUDE_SOURCE;
				MTL_FAST_MATH = YES;
				ONLY_ACTIVE_ARCH = YES;
				SDKROOT = iphoneos;
				SWIFT_ACTIVE_COMPILATION_CONDITIONS = DEBUG;
				SWIFT_OPTIMIZATION_LEVEL = "-Onone";
			};
			name = Debug;
		};
		1116DCE72617C3E400DBA57F /* Release */ = {
			isa = XCBuildConfiguration;
			buildSettings = {
				ALWAYS_SEARCH_USER_PATHS = NO;
				CLANG_ANALYZER_NONNULL = YES;
				CLANG_ANALYZER_NUMBER_OBJECT_CONVERSION = YES_AGGRESSIVE;
				CLANG_CXX_LANGUAGE_STANDARD = "gnu++14";
				CLANG_CXX_LIBRARY = "libc++";
				CLANG_ENABLE_MODULES = YES;
				CLANG_ENABLE_OBJC_ARC = YES;
				CLANG_ENABLE_OBJC_WEAK = YES;
				CLANG_WARN_BLOCK_CAPTURE_AUTORELEASING = YES;
				CLANG_WARN_BOOL_CONVERSION = YES;
				CLANG_WARN_COMMA = YES;
				CLANG_WARN_CONSTANT_CONVERSION = YES;
				CLANG_WARN_DEPRECATED_OBJC_IMPLEMENTATIONS = YES;
				CLANG_WARN_DIRECT_OBJC_ISA_USAGE = YES_ERROR;
				CLANG_WARN_DOCUMENTATION_COMMENTS = YES;
				CLANG_WARN_EMPTY_BODY = YES;
				CLANG_WARN_ENUM_CONVERSION = YES;
				CLANG_WARN_INFINITE_RECURSION = YES;
				CLANG_WARN_INT_CONVERSION = YES;
				CLANG_WARN_NON_LITERAL_NULL_CONVERSION = YES;
				CLANG_WARN_OBJC_IMPLICIT_RETAIN_SELF = YES;
				CLANG_WARN_OBJC_LITERAL_CONVERSION = YES;
				CLANG_WARN_OBJC_ROOT_CLASS = YES_ERROR;
				CLANG_WARN_QUOTED_INCLUDE_IN_FRAMEWORK_HEADER = YES;
				CLANG_WARN_RANGE_LOOP_ANALYSIS = YES;
				CLANG_WARN_STRICT_PROTOTYPES = YES;
				CLANG_WARN_SUSPICIOUS_MOVE = YES;
				CLANG_WARN_UNGUARDED_AVAILABILITY = YES_AGGRESSIVE;
				CLANG_WARN_UNREACHABLE_CODE = YES;
				CLANG_WARN__DUPLICATE_METHOD_MATCH = YES;
				COPY_PHASE_STRIP = NO;
				DEBUG_INFORMATION_FORMAT = "dwarf-with-dsym";
				ENABLE_NS_ASSERTIONS = NO;
				ENABLE_STRICT_OBJC_MSGSEND = YES;
				GCC_C_LANGUAGE_STANDARD = gnu11;
				GCC_NO_COMMON_BLOCKS = YES;
				GCC_WARN_64_TO_32_BIT_CONVERSION = YES;
				GCC_WARN_ABOUT_RETURN_TYPE = YES_ERROR;
				GCC_WARN_UNDECLARED_SELECTOR = YES;
				GCC_WARN_UNINITIALIZED_AUTOS = YES_AGGRESSIVE;
				GCC_WARN_UNUSED_FUNCTION = YES;
				GCC_WARN_UNUSED_VARIABLE = YES;
				IPHONEOS_DEPLOYMENT_TARGET = 14.3;
				MTL_ENABLE_DEBUG_INFO = NO;
				MTL_FAST_MATH = YES;
				SDKROOT = iphoneos;
				SWIFT_COMPILATION_MODE = wholemodule;
				SWIFT_OPTIMIZATION_LEVEL = "-O";
				VALIDATE_PRODUCT = YES;
			};
			name = Release;
		};
		1116DCE92617C3E400DBA57F /* Debug */ = {
			isa = XCBuildConfiguration;
			buildSettings = {
				ASSETCATALOG_COMPILER_APPICON_NAME = AppIcon;
				ASSETCATALOG_COMPILER_GLOBAL_ACCENT_COLOR_NAME = AccentColor;
				CODE_SIGN_STYLE = Automatic;
				DEVELOPMENT_ASSET_PATHS = "\"Memorize/Preview Content\"";
				DEVELOPMENT_TEAM = A3J488KW82;
				ENABLE_PREVIEWS = YES;
				INFOPLIST_FILE = Memorize/Info.plist;
				IPHONEOS_DEPLOYMENT_TARGET = 14.0;
				LD_RUNPATH_SEARCH_PATHS = (
					"$(inherited)",
					"@executable_path/Frameworks",
				);
				PRODUCT_BUNDLE_IDENTIFIER = dev.giovannibruno.Memorize;
				PRODUCT_NAME = "$(TARGET_NAME)";
				SWIFT_VERSION = 5.0;
				TARGETED_DEVICE_FAMILY = "1,2";
			};
			name = Debug;
		};
		1116DCEA2617C3E400DBA57F /* Release */ = {
			isa = XCBuildConfiguration;
			buildSettings = {
				ASSETCATALOG_COMPILER_APPICON_NAME = AppIcon;
				ASSETCATALOG_COMPILER_GLOBAL_ACCENT_COLOR_NAME = AccentColor;
				CODE_SIGN_STYLE = Automatic;
				DEVELOPMENT_ASSET_PATHS = "\"Memorize/Preview Content\"";
				DEVELOPMENT_TEAM = A3J488KW82;
				ENABLE_PREVIEWS = YES;
				INFOPLIST_FILE = Memorize/Info.plist;
				IPHONEOS_DEPLOYMENT_TARGET = 14.0;
				LD_RUNPATH_SEARCH_PATHS = (
					"$(inherited)",
					"@executable_path/Frameworks",
				);
				PRODUCT_BUNDLE_IDENTIFIER = dev.giovannibruno.Memorize;
				PRODUCT_NAME = "$(TARGET_NAME)";
				SWIFT_VERSION = 5.0;
				TARGETED_DEVICE_FAMILY = "1,2";
			};
			name = Release;
		};
/* End XCBuildConfiguration section */

/* Begin XCConfigurationList section */
		1116DCD42617C3DA00DBA57F /* Build configuration list for PBXProject "Memorize" */ = {
			isa = XCConfigurationList;
			buildConfigurations = (
				1116DCE62617C3E400DBA57F /* Debug */,
				1116DCE72617C3E400DBA57F /* Release */,
			);
			defaultConfigurationIsVisible = 0;
			defaultConfigurationName = Release;
		};
		1116DCE82617C3E400DBA57F /* Build configuration list for PBXNativeTarget "Memorize" */ = {
			isa = XCConfigurationList;
			buildConfigurations = (
				1116DCE92617C3E400DBA57F /* Debug */,
				1116DCEA2617C3E400DBA57F /* Release */,
			);
			defaultConfigurationIsVisible = 0;
			defaultConfigurationName = Release;
		};
/* End XCConfigurationList section */
	};
	rootObject = 1116DCD12617C3D900DBA57F /* Project object */;
}
